
Microsoft Visual Studio Solution File, Format Version 12.00
# Visual Studio Version 17
VisualStudioVersion = 17.5.002.0
MinimumVisualStudioVersion = 10.0.40219.1
Project("{2150E333-8FDC-42A3-9474-1A3956D46DE8}") = "sandbox", "sandbox", "{82CDEAB1-204C-47E6-8ADB-B0A391B2C668}"
EndProject
Project("{9A19103F-16F7-4668-BE54-9A1E7A4F7556}") = "sandbox_project", "sandbox\sandbox_project\sandbox_project.csproj", "{7F1E20E7-22E8-4464-A40B-9938DF221A1F}"
EndProject
Project("{2150E333-8FDC-42A3-9474-1A3956D46DE8}") = "week01", "week01", "{091B875A-69CD-43F1-A396-321427792976}"
EndProject
Project("{9A19103F-16F7-4668-BE54-9A1E7A4F7556}") = "analyze", "week01\analyze\analyze.csproj", "{168A3691-2827-4FA5-A19A-F4BA2F5F2401}"
EndProject
Project("{9A19103F-16F7-4668-BE54-9A1E7A4F7556}") = "code", "week01\code\code.csproj", "{7753637A-0AC4-4E79-A804-435C0F0368CE}"
EndProject
Project("{9A19103F-16F7-4668-BE54-9A1E7A4F7556}") = "teach", "week01\teach\teach.csproj", "{0CB5DAB7-E7C8-4215-BD3C-5A4576A4FF07}"
EndProject
Project("{2150E333-8FDC-42A3-9474-1A3956D46DE8}") = "week02", "week02", "{C23B940A-82B3-4504-B05A-768DE5ED3D92}"
EndProject
Project("{9A19103F-16F7-4668-BE54-9A1E7A4F7556}") = "analyze", "week02\analyze\analyze.csproj", "{801BC7AD-47C6-4D35-9468-7D0F639BE9D4}"
EndProject
Project("{9A19103F-16F7-4668-BE54-9A1E7A4F7556}") = "code", "week02\code\code.csproj", "{33B53459-25FC-4117-B0E1-EBE11AB4DF3E}"
EndProject
Project("{9A19103F-16F7-4668-BE54-9A1E7A4F7556}") = "learn", "week02\learn\learn.csproj", "{91560AEC-5059-46EB-B277-D7931B71F160}"
EndProject
Project("{9A19103F-16F7-4668-BE54-9A1E7A4F7556}") = "teach", "week02\teach\teach.csproj", "{FBC4B647-90FB-47B7-8475-97AC26CDE58F}"
EndProject
Project("{2150E333-8FDC-42A3-9474-1A3956D46DE8}") = "week03", "week03", "{B9FA6A50-E196-4560-96E2-F2478C1C9D89}"
EndProject
Project("{9A19103F-16F7-4668-BE54-9A1E7A4F7556}") = "code", "week03\code\code.csproj", "{21218BE3-3060-4DBE-AF01-C45F06479E5C}"
EndProject
Project("{9A19103F-16F7-4668-BE54-9A1E7A4F7556}") = "learn", "week03\learn\learn.csproj", "{35889C33-7346-4744-9A47-6868615D083F}"
EndProject
Project("{9A19103F-16F7-4668-BE54-9A1E7A4F7556}") = "teach", "week03\teach\teach.csproj", "{A30E40D4-3DFE-4ADD-9D7E-AA1FC65571D1}"
EndProject
Project("{2150E333-8FDC-42A3-9474-1A3956D46DE8}") = "week04", "week04", "{0F9D1BB5-317E-471D-9C41-70AA792F095D}"
EndProject
Project("{9A19103F-16F7-4668-BE54-9A1E7A4F7556}") = "code", "week04\code\code.csproj", "{5503AF13-C6D7-41FE-B8B9-F66E9846203A}"
EndProject
Project("{2150E333-8FDC-42A3-9474-1A3956D46DE8}") = "week05", "week05", "{5F894CF6-4617-4BA5-961C-1A4A453D1153}"
EndProject
Project("{9A19103F-16F7-4668-BE54-9A1E7A4F7556}") = "code", "week05\code\code.csproj", "{5ACBF19A-B56E-4502-BEC3-7FF3EA4043A6}"
EndProject
Project("{2150E333-8FDC-42A3-9474-1A3956D46DE8}") = "week06", "week06", "{E54F33A5-A893-406E-AE5C-AE45621FC112}"
EndProject
Project("{9A19103F-16F7-4668-BE54-9A1E7A4F7556}") = "code", "week06\code\code.csproj", "{EC2E1134-B114-4947-87D0-EE04429A6F97}"
EndProject
Global
	GlobalSection(SolutionConfigurationPlatforms) = preSolution
		Debug|Any CPU = Debug|Any CPU
		Release|Any CPU = Release|Any CPU
	EndGlobalSection
	GlobalSection(ProjectConfigurationPlatforms) = postSolution
		{7F1E20E7-22E8-4464-A40B-9938DF221A1F}.Debug|Any CPU.ActiveCfg = Debug|Any CPU
		{7F1E20E7-22E8-4464-A40B-9938DF221A1F}.Debug|Any CPU.Build.0 = Debug|Any CPU
		{7F1E20E7-22E8-4464-A40B-9938DF221A1F}.Release|Any CPU.ActiveCfg = Release|Any CPU
		{7F1E20E7-22E8-4464-A40B-9938DF221A1F}.Release|Any CPU.Build.0 = Release|Any CPU
		{168A3691-2827-4FA5-A19A-F4BA2F5F2401}.Debug|Any CPU.ActiveCfg = Debug|Any CPU
		{168A3691-2827-4FA5-A19A-F4BA2F5F2401}.Debug|Any CPU.Build.0 = Debug|Any CPU
		{168A3691-2827-4FA5-A19A-F4BA2F5F2401}.Release|Any CPU.ActiveCfg = Release|Any CPU
		{168A3691-2827-4FA5-A19A-F4BA2F5F2401}.Release|Any CPU.Build.0 = Release|Any CPU
		{7753637A-0AC4-4E79-A804-435C0F0368CE}.Debug|Any CPU.ActiveCfg = Debug|Any CPU
		{7753637A-0AC4-4E79-A804-435C0F0368CE}.Debug|Any CPU.Build.0 = Debug|Any CPU
		{7753637A-0AC4-4E79-A804-435C0F0368CE}.Release|Any CPU.ActiveCfg = Release|Any CPU
		{7753637A-0AC4-4E79-A804-435C0F0368CE}.Release|Any CPU.Build.0 = Release|Any CPU
		{0CB5DAB7-E7C8-4215-BD3C-5A4576A4FF07}.Debug|Any CPU.ActiveCfg = Debug|Any CPU
		{0CB5DAB7-E7C8-4215-BD3C-5A4576A4FF07}.Debug|Any CPU.Build.0 = Debug|Any CPU
		{0CB5DAB7-E7C8-4215-BD3C-5A4576A4FF07}.Release|Any CPU.ActiveCfg = Release|Any CPU
		{0CB5DAB7-E7C8-4215-BD3C-5A4576A4FF07}.Release|Any CPU.Build.0 = Release|Any CPU
		{801BC7AD-47C6-4D35-9468-7D0F639BE9D4}.Debug|Any CPU.ActiveCfg = Debug|Any CPU
		{801BC7AD-47C6-4D35-9468-7D0F639BE9D4}.Debug|Any CPU.Build.0 = Debug|Any CPU
		{801BC7AD-47C6-4D35-9468-7D0F639BE9D4}.Release|Any CPU.ActiveCfg = Release|Any CPU
		{801BC7AD-47C6-4D35-9468-7D0F639BE9D4}.Release|Any CPU.Build.0 = Release|Any CPU
		{33B53459-25FC-4117-B0E1-EBE11AB4DF3E}.Debug|Any CPU.ActiveCfg = Debug|Any CPU
		{33B53459-25FC-4117-B0E1-EBE11AB4DF3E}.Debug|Any CPU.Build.0 = Debug|Any CPU
		{33B53459-25FC-4117-B0E1-EBE11AB4DF3E}.Release|Any CPU.ActiveCfg = Release|Any CPU
		{33B53459-25FC-4117-B0E1-EBE11AB4DF3E}.Release|Any CPU.Build.0 = Release|Any CPU
		{91560AEC-5059-46EB-B277-D7931B71F160}.Debug|Any CPU.ActiveCfg = Debug|Any CPU
		{91560AEC-5059-46EB-B277-D7931B71F160}.Debug|Any CPU.Build.0 = Debug|Any CPU
		{91560AEC-5059-46EB-B277-D7931B71F160}.Release|Any CPU.ActiveCfg = Release|Any CPU
		{91560AEC-5059-46EB-B277-D7931B71F160}.Release|Any CPU.Build.0 = Release|Any CPU
		{FBC4B647-90FB-47B7-8475-97AC26CDE58F}.Debug|Any CPU.ActiveCfg = Debug|Any CPU
		{FBC4B647-90FB-47B7-8475-97AC26CDE58F}.Debug|Any CPU.Build.0 = Debug|Any CPU
		{FBC4B647-90FB-47B7-8475-97AC26CDE58F}.Release|Any CPU.ActiveCfg = Release|Any CPU
		{FBC4B647-90FB-47B7-8475-97AC26CDE58F}.Release|Any CPU.Build.0 = Release|Any CPU
		{21218BE3-3060-4DBE-AF01-C45F06479E5C}.Debug|Any CPU.ActiveCfg = Debug|Any CPU
		{21218BE3-3060-4DBE-AF01-C45F06479E5C}.Debug|Any CPU.Build.0 = Debug|Any CPU
		{21218BE3-3060-4DBE-AF01-C45F06479E5C}.Release|Any CPU.ActiveCfg = Release|Any CPU
		{21218BE3-3060-4DBE-AF01-C45F06479E5C}.Release|Any CPU.Build.0 = Release|Any CPU
		{35889C33-7346-4744-9A47-6868615D083F}.Debug|Any CPU.ActiveCfg = Debug|Any CPU
		{35889C33-7346-4744-9A47-6868615D083F}.Debug|Any CPU.Build.0 = Debug|Any CPU
		{35889C33-7346-4744-9A47-6868615D083F}.Release|Any CPU.ActiveCfg = Release|Any CPU
		{35889C33-7346-4744-9A47-6868615D083F}.Release|Any CPU.Build.0 = Release|Any CPU
		{A30E40D4-3DFE-4ADD-9D7E-AA1FC65571D1}.Debug|Any CPU.ActiveCfg = Debug|Any CPU
		{A30E40D4-3DFE-4ADD-9D7E-AA1FC65571D1}.Debug|Any CPU.Build.0 = Debug|Any CPU
		{A30E40D4-3DFE-4ADD-9D7E-AA1FC65571D1}.Release|Any CPU.ActiveCfg = Release|Any CPU
		{A30E40D4-3DFE-4ADD-9D7E-AA1FC65571D1}.Release|Any CPU.Build.0 = Release|Any CPU
		{5503AF13-C6D7-41FE-B8B9-F66E9846203A}.Debug|Any CPU.ActiveCfg = Debug|Any CPU
		{5503AF13-C6D7-41FE-B8B9-F66E9846203A}.Debug|Any CPU.Build.0 = Debug|Any CPU
		{5503AF13-C6D7-41FE-B8B9-F66E9846203A}.Release|Any CPU.ActiveCfg = Release|Any CPU
		{5503AF13-C6D7-41FE-B8B9-F66E9846203A}.Release|Any CPU.Build.0 = Release|Any CPU
		{5ACBF19A-B56E-4502-BEC3-7FF3EA4043A6}.Debug|Any CPU.ActiveCfg = Debug|Any CPU
		{5ACBF19A-B56E-4502-BEC3-7FF3EA4043A6}.Debug|Any CPU.Build.0 = Debug|Any CPU
		{5ACBF19A-B56E-4502-BEC3-7FF3EA4043A6}.Release|Any CPU.ActiveCfg = Release|Any CPU
		{5ACBF19A-B56E-4502-BEC3-7FF3EA4043A6}.Release|Any CPU.Build.0 = Release|Any CPU
		{EC2E1134-B114-4947-87D0-EE04429A6F97}.Debug|Any CPU.ActiveCfg = Debug|Any CPU
		{EC2E1134-B114-4947-87D0-EE04429A6F97}.Debug|Any CPU.Build.0 = Debug|Any CPU
		{EC2E1134-B114-4947-87D0-EE04429A6F97}.Release|Any CPU.ActiveCfg = Release|Any CPU
		{EC2E1134-B114-4947-87D0-EE04429A6F97}.Release|Any CPU.Build.0 = Release|Any CPU
	EndGlobalSection
	GlobalSection(SolutionProperties) = preSolution
		HideSolutionNode = FALSE
	EndGlobalSection
	GlobalSection(NestedProjects) = preSolution
		{7F1E20E7-22E8-4464-A40B-9938DF221A1F} = {82CDEAB1-204C-47E6-8ADB-B0A391B2C668}
		{168A3691-2827-4FA5-A19A-F4BA2F5F2401} = {091B875A-69CD-43F1-A396-321427792976}
		{7753637A-0AC4-4E79-A804-435C0F0368CE} = {091B875A-69CD-43F1-A396-321427792976}
		{0CB5DAB7-E7C8-4215-BD3C-5A4576A4FF07} = {091B875A-69CD-43F1-A396-321427792976}
		{801BC7AD-47C6-4D35-9468-7D0F639BE9D4} = {C23B940A-82B3-4504-B05A-768DE5ED3D92}
		{33B53459-25FC-4117-B0E1-EBE11AB4DF3E} = {C23B940A-82B3-4504-B05A-768DE5ED3D92}
		{91560AEC-5059-46EB-B277-D7931B71F160} = {C23B940A-82B3-4504-B05A-768DE5ED3D92}
		{FBC4B647-90FB-47B7-8475-97AC26CDE58F} = {C23B940A-82B3-4504-B05A-768DE5ED3D92}
		{21218BE3-3060-4DBE-AF01-C45F06479E5C} = {B9FA6A50-E196-4560-96E2-F2478C1C9D89}
		{35889C33-7346-4744-9A47-6868615D083F} = {B9FA6A50-E196-4560-96E2-F2478C1C9D89}
		{A30E40D4-3DFE-4ADD-9D7E-AA1FC65571D1} = {B9FA6A50-E196-4560-96E2-F2478C1C9D89}
		{5503AF13-C6D7-41FE-B8B9-F66E9846203A} = {0F9D1BB5-317E-471D-9C41-70AA792F095D}
		{5ACBF19A-B56E-4502-BEC3-7FF3EA4043A6} = {5F894CF6-4617-4BA5-961C-1A4A453D1153}
		{EC2E1134-B114-4947-87D0-EE04429A6F97} = {E54F33A5-A893-406E-AE5C-AE45621FC112}
	EndGlobalSection
	GlobalSection(ExtensibilityGlobals) = postSolution
		SolutionGuid = {ED61E736-6C10-41B0-8DCB-FCC32896403B}
	EndGlobalSection
EndGlobal
